// !$*UTF8*$!
{
	archiveVersion = 1;
	classes = {
	};
	objectVersion = 50;
	objects = {

/* Begin PBXBuildFile section */
		341BD2E8268E439F00B3C53D /* LensKit.framework in Frameworks */ = {isa = PBXBuildFile; fileRef = 341BD2E7268E439F00B3C53D /* LensKit.framework */; };
		341BD2E9268E439F00B3C53D /* LensKit.framework in Embed Frameworks */ = {isa = PBXBuildFile; fileRef = 341BD2E7268E439F00B3C53D /* LensKit.framework */; settings = {ATTRIBUTES = (CodeSignOnCopy, RemoveHeadersOnCopy, ); }; };
		341BD318268E4A9700B3C53D /* RDXKit.framework in Frameworks */ = {isa = PBXBuildFile; fileRef = 341BD317268E4A9700B3C53D /* RDXKit.framework */; };
		341BD319268E4A9700B3C53D /* RDXKit.framework in Embed Frameworks */ = {isa = PBXBuildFile; fileRef = 341BD317268E4A9700B3C53D /* RDXKit.framework */; settings = {ATTRIBUTES = (CodeSignOnCopy, RemoveHeadersOnCopy, ); }; };
		341BD340268E4BFA00B3C53D /* ToolKit.framework in Frameworks */ = {isa = PBXBuildFile; fileRef = 341BD33F268E4BFA00B3C53D /* ToolKit.framework */; };
		341BD341268E4BFA00B3C53D /* ToolKit.framework in Embed Frameworks */ = {isa = PBXBuildFile; fileRef = 341BD33F268E4BFA00B3C53D /* ToolKit.framework */; settings = {ATTRIBUTES = (CodeSignOnCopy, RemoveHeadersOnCopy, ); }; };
		343E8D9425C0E487000FF0AE /* AnimationTimingState.swift in Sources */ = {isa = PBXBuildFile; fileRef = 343E8D9325C0E487000FF0AE /* AnimationTimingState.swift */; };
		343E8DBD25C0ED65000FF0AE /* MessageAnimationEditorView.swift in Sources */ = {isa = PBXBuildFile; fileRef = 343E8DBC25C0ED65000FF0AE /* MessageAnimationEditorView.swift */; };
		343E8DC325C0F20E000FF0AE /* PickerCell.swift in Sources */ = {isa = PBXBuildFile; fileRef = 343E8DC225C0F20E000FF0AE /* PickerCell.swift */; };
		343E8DC625C0F218000FF0AE /* ButtonCell.swift in Sources */ = {isa = PBXBuildFile; fileRef = 343E8DC525C0F218000FF0AE /* ButtonCell.swift */; };
		343E8DCA25C0F236000FF0AE /* AnimationTimingCell.swift in Sources */ = {isa = PBXBuildFile; fileRef = 343E8DC925C0F236000FF0AE /* AnimationTimingCell.swift */; };
		343E8DD025C0FD04000FF0AE /* AppState.swift in Sources */ = {isa = PBXBuildFile; fileRef = 343E8DCF25C0FD04000FF0AE /* AppState.swift */; };
		343E8DD325C1B75F000FF0AE /* MessageAnimationEditorState.Module.swift in Sources */ = {isa = PBXBuildFile; fileRef = 343E8DD225C1B75F000FF0AE /* MessageAnimationEditorState.Module.swift */; };
		3449FC3525C4531A00EA3477 /* AnimationTimingDottedView.swift in Sources */ = {isa = PBXBuildFile; fileRef = 3449FC3425C4531A00EA3477 /* AnimationTimingDottedView.swift */; };
		3449FC3825C470D500EA3477 /* DottedLineView.swift in Sources */ = {isa = PBXBuildFile; fileRef = 3449FC3725C470D500EA3477 /* DottedLineView.swift */; };
		3449FC3B25C4918800EA3477 /* AnimationTimingPathView.swift in Sources */ = {isa = PBXBuildFile; fileRef = 3449FC3A25C4918800EA3477 /* AnimationTimingPathView.swift */; };
		34817DEB25C4C33E005733DD /* AppConfigState.swift in Sources */ = {isa = PBXBuildFile; fileRef = 34817DEA25C4C33E005733DD /* AppConfigState.swift */; };
		34817DEE25C4D0F2005733DD /* ViewController.swift in Sources */ = {isa = PBXBuildFile; fileRef = 34817DED25C4D0F2005733DD /* ViewController.swift */; };
		34817DF125C4DD43005733DD /* AppUICoordinator.swift in Sources */ = {isa = PBXBuildFile; fileRef = 34817DF025C4DD43005733DD /* AppUICoordinator.swift */; };
		348953B025C1EF1500192DC8 /* SectionedListView.swift in Sources */ = {isa = PBXBuildFile; fileRef = 348953AF25C1EF1500192DC8 /* SectionedListView.swift */; };
		348953B325C20E8500192DC8 /* SectionedListState.Module.swift in Sources */ = {isa = PBXBuildFile; fileRef = 348953B225C20E8500192DC8 /* SectionedListState.Module.swift */; };
		348953B625C210EE00192DC8 /* SectionedListState.swift in Sources */ = {isa = PBXBuildFile; fileRef = 348953B525C210EE00192DC8 /* SectionedListState.swift */; };
		34CC95B925BF6CA80081E93B /* ContestKit.h in Headers */ = {isa = PBXBuildFile; fileRef = 34CC95B725BF6CA80081E93B /* ContestKit.h */; settings = {ATTRIBUTES = (Public, ); }; };
		34CC95ED25BF6DF80081E93B /* draft.swift in Sources */ = {isa = PBXBuildFile; fileRef = 34CC95DB25BF6DF80081E93B /* draft.swift */; };
		34CE81AE25C57D46001A4EB0 /* SliderThumbView.swift in Sources */ = {isa = PBXBuildFile; fileRef = 34CE81AD25C57D46001A4EB0 /* SliderThumbView.swift */; };
		34CE81B125C5B76F001A4EB0 /* MessageAnimationTimingState.swift in Sources */ = {isa = PBXBuildFile; fileRef = 34CE81B025C5B76F001A4EB0 /* MessageAnimationTimingState.swift */; };
		34CE81B425C5C2FC001A4EB0 /* SelectionState.swift in Sources */ = {isa = PBXBuildFile; fileRef = 34CE81B325C5C2FC001A4EB0 /* SelectionState.swift */; };
		34CE81B825C5C714001A4EB0 /* AppComponents.swift in Sources */ = {isa = PBXBuildFile; fileRef = 34CE81B725C5C714001A4EB0 /* AppComponents.swift */; };
		34CE81BC25C5EA77001A4EB0 /* UIAlertController+component.swift in Sources */ = {isa = PBXBuildFile; fileRef = 34CE81BB25C5EA77001A4EB0 /* UIAlertController+component.swift */; };
		34E0565D25C635880083F001 /* PasteboardService.swift in Sources */ = {isa = PBXBuildFile; fileRef = 34E0565C25C635880083F001 /* PasteboardService.swift */; };
		34E056A825C6D62C0083F001 /* CKSlider.swift in Sources */ = {isa = PBXBuildFile; fileRef = 34E056A725C6D62C0083F001 /* CKSlider.swift */; };
		34E056BE25C707BA0083F001 /* AnimationTimingState+substates.swift in Sources */ = {isa = PBXBuildFile; fileRef = 34E056BD25C707BA0083F001 /* AnimationTimingState+substates.swift */; };
		34E056C125C707CB0083F001 /* AnimationTimingState+helpers.swift in Sources */ = {isa = PBXBuildFile; fileRef = 34E056C025C707CB0083F001 /* AnimationTimingState+helpers.swift */; };
		34E056CB25C70F280083F001 /* MessageAnimationConfigState+substates.swift in Sources */ = {isa = PBXBuildFile; fileRef = 34E056CA25C70F280083F001 /* MessageAnimationConfigState+substates.swift */; };
		34E056CE25C70F470083F001 /* MessageAnimationConfigState+helpers.swift in Sources */ = {isa = PBXBuildFile; fileRef = 34E056CD25C70F470083F001 /* MessageAnimationConfigState+helpers.swift */; };
		34E056D125C70FD30083F001 /* MessageAnimationTimingState+substates.swift in Sources */ = {isa = PBXBuildFile; fileRef = 34E056D025C70FD30083F001 /* MessageAnimationTimingState+substates.swift */; };
		34E056D425C70FE80083F001 /* MessageAnimationTimingState+helpers.swift in Sources */ = {isa = PBXBuildFile; fileRef = 34E056D325C70FE80083F001 /* MessageAnimationTimingState+helpers.swift */; };
		34E056D925C710750083F001 /* AppConfigState+substates.swift in Sources */ = {isa = PBXBuildFile; fileRef = 34E056D825C710750083F001 /* AppConfigState+substates.swift */; };
		34E056DC25C7109A0083F001 /* AppConfigState+helpers.swift in Sources */ = {isa = PBXBuildFile; fileRef = 34E056DB25C7109A0083F001 /* AppConfigState+helpers.swift */; };
		34E056E125C711270083F001 /* SelectionState+helpers.swift in Sources */ = {isa = PBXBuildFile; fileRef = 34E056E025C711270083F001 /* SelectionState+helpers.swift */; };
		34E056E625C7114A0083F001 /* SelectionState+substates.swift in Sources */ = {isa = PBXBuildFile; fileRef = 34E056E525C7114A0083F001 /* SelectionState+substates.swift */; };
		34F2E4FC25C224E300EB0B96 /* AppState.Store+substores.swift in Sources */ = {isa = PBXBuildFile; fileRef = 34F2E4FB25C224E300EB0B96 /* AppState.Store+substores.swift */; };
		34F2E4FF25C224F400EB0B96 /* AppState+substates.swift in Sources */ = {isa = PBXBuildFile; fileRef = 34F2E4FE25C224F300EB0B96 /* AppState+substates.swift */; };
		34F2E50225C2250C00EB0B96 /* AppState.Module.swift in Sources */ = {isa = PBXBuildFile; fileRef = 34F2E50125C2250C00EB0B96 /* AppState.Module.swift */; };
		34F2E50825C2269E00EB0B96 /* MessageAnimationEditorState.swift in Sources */ = {isa = PBXBuildFile; fileRef = 34F2E50725C2269E00EB0B96 /* MessageAnimationEditorState.swift */; };
		34F2E50B25C227B200EB0B96 /* MessageAnimationEditorState.Store+substores.swift in Sources */ = {isa = PBXBuildFile; fileRef = 34F2E50A25C227B200EB0B96 /* MessageAnimationEditorState.Store+substores.swift */; };
		34F2E50E25C2348F00EB0B96 /* SectionedListState+substates.swift in Sources */ = {isa = PBXBuildFile; fileRef = 34F2E50D25C2348F00EB0B96 /* SectionedListState+substates.swift */; };
		34F2E51225C23D2B00EB0B96 /* MessageAnimationConfigState.swift in Sources */ = {isa = PBXBuildFile; fileRef = 34F2E51125C23D2B00EB0B96 /* MessageAnimationConfigState.swift */; };
		34F2E51B25C2701D00EB0B96 /* MessageAnimationEditorState+substates.swift in Sources */ = {isa = PBXBuildFile; fileRef = 34F2E51A25C2701D00EB0B96 /* MessageAnimationEditorState+substates.swift */; };
		34F2E51E25C317DD00EB0B96 /* RowModule.swift in Sources */ = {isa = PBXBuildFile; fileRef = 34F2E51D25C317DD00EB0B96 /* RowModule.swift */; };
		34F2E52225C364A000EB0B96 /* RowState.swift in Sources */ = {isa = PBXBuildFile; fileRef = 34F2E52125C364A000EB0B96 /* RowState.swift */; };
		34F2E52525C364AB00EB0B96 /* RowState+substates.swift in Sources */ = {isa = PBXBuildFile; fileRef = 34F2E52425C364AB00EB0B96 /* RowState+substates.swift */; };
		34F2E52925C3777700EB0B96 /* SectionedListState.Store+substores.swift in Sources */ = {isa = PBXBuildFile; fileRef = 34F2E52825C3777700EB0B96 /* SectionedListState.Store+substores.swift */; };
		34F2E52F25C37A3600EB0B96 /* RowCell.swift in Sources */ = {isa = PBXBuildFile; fileRef = 34F2E52E25C37A3600EB0B96 /* RowCell.swift */; };
/* End PBXBuildFile section */

/* Begin PBXCopyFilesBuildPhase section */
		341BD2EA268E439F00B3C53D /* Embed Frameworks */ = {
			isa = PBXCopyFilesBuildPhase;
			buildActionMask = 2147483647;
			dstPath = "";
			dstSubfolderSpec = 10;
			files = (
				341BD319268E4A9700B3C53D /* RDXKit.framework in Embed Frameworks */,
				341BD2E9268E439F00B3C53D /* LensKit.framework in Embed Frameworks */,
				341BD341268E4BFA00B3C53D /* ToolKit.framework in Embed Frameworks */,
			);
			name = "Embed Frameworks";
			runOnlyForDeploymentPostprocessing = 0;
		};
/* End PBXCopyFilesBuildPhase section */

/* Begin PBXFileReference section */
		341BD2E7268E439F00B3C53D /* LensKit.framework */ = {isa = PBXFileReference; explicitFileType = wrapper.framework; path = LensKit.framework; sourceTree = BUILT_PRODUCTS_DIR; };
		341BD317268E4A9700B3C53D /* RDXKit.framework */ = {isa = PBXFileReference; explicitFileType = wrapper.framework; path = RDXKit.framework; sourceTree = BUILT_PRODUCTS_DIR; };
		341BD33F268E4BFA00B3C53D /* ToolKit.framework */ = {isa = PBXFileReference; explicitFileType = wrapper.framework; path = ToolKit.framework; sourceTree = BUILT_PRODUCTS_DIR; };
		343E8D9325C0E487000FF0AE /* AnimationTimingState.swift */ = {isa = PBXFileReference; lastKnownFileType = sourcecode.swift; path = AnimationTimingState.swift; sourceTree = "<group>"; };
		343E8DBC25C0ED65000FF0AE /* MessageAnimationEditorView.swift */ = {isa = PBXFileReference; lastKnownFileType = sourcecode.swift; path = MessageAnimationEditorView.swift; sourceTree = "<group>"; };
		343E8DC225C0F20E000FF0AE /* PickerCell.swift */ = {isa = PBXFileReference; lastKnownFileType = sourcecode.swift; path = PickerCell.swift; sourceTree = "<group>"; };
		343E8DC525C0F218000FF0AE /* ButtonCell.swift */ = {isa = PBXFileReference; lastKnownFileType = sourcecode.swift; path = ButtonCell.swift; sourceTree = "<group>"; };
		343E8DC925C0F236000FF0AE /* AnimationTimingCell.swift */ = {isa = PBXFileReference; lastKnownFileType = sourcecode.swift; path = AnimationTimingCell.swift; sourceTree = "<group>"; };
		343E8DCF25C0FD04000FF0AE /* AppState.swift */ = {isa = PBXFileReference; lastKnownFileType = sourcecode.swift; path = AppState.swift; sourceTree = "<group>"; };
		343E8DD225C1B75F000FF0AE /* MessageAnimationEditorState.Module.swift */ = {isa = PBXFileReference; lastKnownFileType = sourcecode.swift; path = MessageAnimationEditorState.Module.swift; sourceTree = "<group>"; };
		3449FC3425C4531A00EA3477 /* AnimationTimingDottedView.swift */ = {isa = PBXFileReference; lastKnownFileType = sourcecode.swift; path = AnimationTimingDottedView.swift; sourceTree = "<group>"; };
		3449FC3725C470D500EA3477 /* DottedLineView.swift */ = {isa = PBXFileReference; lastKnownFileType = sourcecode.swift; path = DottedLineView.swift; sourceTree = "<group>"; };
		3449FC3A25C4918800EA3477 /* AnimationTimingPathView.swift */ = {isa = PBXFileReference; lastKnownFileType = sourcecode.swift; path = AnimationTimingPathView.swift; sourceTree = "<group>"; };
		34817DEA25C4C33E005733DD /* AppConfigState.swift */ = {isa = PBXFileReference; lastKnownFileType = sourcecode.swift; path = AppConfigState.swift; sourceTree = "<group>"; };
		34817DED25C4D0F2005733DD /* ViewController.swift */ = {isa = PBXFileReference; lastKnownFileType = sourcecode.swift; path = ViewController.swift; sourceTree = "<group>"; };
		34817DF025C4DD43005733DD /* AppUICoordinator.swift */ = {isa = PBXFileReference; lastKnownFileType = sourcecode.swift; path = AppUICoordinator.swift; sourceTree = "<group>"; };
		348953AF25C1EF1500192DC8 /* SectionedListView.swift */ = {isa = PBXFileReference; lastKnownFileType = sourcecode.swift; path = SectionedListView.swift; sourceTree = "<group>"; };
		348953B225C20E8500192DC8 /* SectionedListState.Module.swift */ = {isa = PBXFileReference; lastKnownFileType = sourcecode.swift; path = SectionedListState.Module.swift; sourceTree = "<group>"; };
		348953B525C210EE00192DC8 /* SectionedListState.swift */ = {isa = PBXFileReference; lastKnownFileType = sourcecode.swift; path = SectionedListState.swift; sourceTree = "<group>"; };
		34CC95B425BF6CA80081E93B /* ContestKit.framework */ = {isa = PBXFileReference; explicitFileType = wrapper.framework; includeInIndex = 0; path = ContestKit.framework; sourceTree = BUILT_PRODUCTS_DIR; };
		34CC95B725BF6CA80081E93B /* ContestKit.h */ = {isa = PBXFileReference; lastKnownFileType = sourcecode.c.h; path = ContestKit.h; sourceTree = "<group>"; };
		34CC95B825BF6CA80081E93B /* Info.plist */ = {isa = PBXFileReference; lastKnownFileType = text.plist.xml; path = Info.plist; sourceTree = "<group>"; };
		34CC95DB25BF6DF80081E93B /* draft.swift */ = {isa = PBXFileReference; fileEncoding = 4; lastKnownFileType = sourcecode.swift; path = draft.swift; sourceTree = "<group>"; };
		34CE81AD25C57D46001A4EB0 /* SliderThumbView.swift */ = {isa = PBXFileReference; lastKnownFileType = sourcecode.swift; path = SliderThumbView.swift; sourceTree = "<group>"; };
		34CE81B025C5B76F001A4EB0 /* MessageAnimationTimingState.swift */ = {isa = PBXFileReference; lastKnownFileType = sourcecode.swift; path = MessageAnimationTimingState.swift; sourceTree = "<group>"; };
		34CE81B325C5C2FC001A4EB0 /* SelectionState.swift */ = {isa = PBXFileReference; lastKnownFileType = sourcecode.swift; path = SelectionState.swift; sourceTree = "<group>"; };
		34CE81B725C5C714001A4EB0 /* AppComponents.swift */ = {isa = PBXFileReference; lastKnownFileType = sourcecode.swift; path = AppComponents.swift; sourceTree = "<group>"; };
		34CE81BB25C5EA77001A4EB0 /* UIAlertController+component.swift */ = {isa = PBXFileReference; lastKnownFileType = sourcecode.swift; path = "UIAlertController+component.swift"; sourceTree = "<group>"; };
		34E0565C25C635880083F001 /* PasteboardService.swift */ = {isa = PBXFileReference; lastKnownFileType = sourcecode.swift; path = PasteboardService.swift; sourceTree = "<group>"; };
		34E056A725C6D62C0083F001 /* CKSlider.swift */ = {isa = PBXFileReference; lastKnownFileType = sourcecode.swift; path = CKSlider.swift; sourceTree = "<group>"; };
		34E056BD25C707BA0083F001 /* AnimationTimingState+substates.swift */ = {isa = PBXFileReference; lastKnownFileType = sourcecode.swift; path = "AnimationTimingState+substates.swift"; sourceTree = "<group>"; };
		34E056C025C707CB0083F001 /* AnimationTimingState+helpers.swift */ = {isa = PBXFileReference; lastKnownFileType = sourcecode.swift; path = "AnimationTimingState+helpers.swift"; sourceTree = "<group>"; };
		34E056CA25C70F280083F001 /* MessageAnimationConfigState+substates.swift */ = {isa = PBXFileReference; lastKnownFileType = sourcecode.swift; path = "MessageAnimationConfigState+substates.swift"; sourceTree = "<group>"; };
		34E056CD25C70F470083F001 /* MessageAnimationConfigState+helpers.swift */ = {isa = PBXFileReference; lastKnownFileType = sourcecode.swift; path = "MessageAnimationConfigState+helpers.swift"; sourceTree = "<group>"; };
		34E056D025C70FD30083F001 /* MessageAnimationTimingState+substates.swift */ = {isa = PBXFileReference; lastKnownFileType = sourcecode.swift; path = "MessageAnimationTimingState+substates.swift"; sourceTree = "<group>"; };
		34E056D325C70FE80083F001 /* MessageAnimationTimingState+helpers.swift */ = {isa = PBXFileReference; lastKnownFileType = sourcecode.swift; path = "MessageAnimationTimingState+helpers.swift"; sourceTree = "<group>"; };
		34E056D825C710750083F001 /* AppConfigState+substates.swift */ = {isa = PBXFileReference; lastKnownFileType = sourcecode.swift; path = "AppConfigState+substates.swift"; sourceTree = "<group>"; };
		34E056DB25C7109A0083F001 /* AppConfigState+helpers.swift */ = {isa = PBXFileReference; lastKnownFileType = sourcecode.swift; path = "AppConfigState+helpers.swift"; sourceTree = "<group>"; };
		34E056E025C711270083F001 /* SelectionState+helpers.swift */ = {isa = PBXFileReference; lastKnownFileType = sourcecode.swift; path = "SelectionState+helpers.swift"; sourceTree = "<group>"; };
		34E056E525C7114A0083F001 /* SelectionState+substates.swift */ = {isa = PBXFileReference; lastKnownFileType = sourcecode.swift; path = "SelectionState+substates.swift"; sourceTree = "<group>"; };
		34F2E4FB25C224E300EB0B96 /* AppState.Store+substores.swift */ = {isa = PBXFileReference; lastKnownFileType = sourcecode.swift; path = "AppState.Store+substores.swift"; sourceTree = "<group>"; };
		34F2E4FE25C224F300EB0B96 /* AppState+substates.swift */ = {isa = PBXFileReference; lastKnownFileType = sourcecode.swift; path = "AppState+substates.swift"; sourceTree = "<group>"; };
		34F2E50125C2250C00EB0B96 /* AppState.Module.swift */ = {isa = PBXFileReference; lastKnownFileType = sourcecode.swift; path = AppState.Module.swift; sourceTree = "<group>"; };
		34F2E50725C2269E00EB0B96 /* MessageAnimationEditorState.swift */ = {isa = PBXFileReference; lastKnownFileType = sourcecode.swift; path = MessageAnimationEditorState.swift; sourceTree = "<group>"; };
		34F2E50A25C227B200EB0B96 /* MessageAnimationEditorState.Store+substores.swift */ = {isa = PBXFileReference; lastKnownFileType = sourcecode.swift; path = "MessageAnimationEditorState.Store+substores.swift"; sourceTree = "<group>"; };
		34F2E50D25C2348F00EB0B96 /* SectionedListState+substates.swift */ = {isa = PBXFileReference; lastKnownFileType = sourcecode.swift; path = "SectionedListState+substates.swift"; sourceTree = "<group>"; };
		34F2E51125C23D2B00EB0B96 /* MessageAnimationConfigState.swift */ = {isa = PBXFileReference; lastKnownFileType = sourcecode.swift; path = MessageAnimationConfigState.swift; sourceTree = "<group>"; };
		34F2E51A25C2701D00EB0B96 /* MessageAnimationEditorState+substates.swift */ = {isa = PBXFileReference; lastKnownFileType = sourcecode.swift; path = "MessageAnimationEditorState+substates.swift"; sourceTree = "<group>"; };
		34F2E51D25C317DD00EB0B96 /* RowModule.swift */ = {isa = PBXFileReference; lastKnownFileType = sourcecode.swift; path = RowModule.swift; sourceTree = "<group>"; };
		34F2E52125C364A000EB0B96 /* RowState.swift */ = {isa = PBXFileReference; lastKnownFileType = sourcecode.swift; path = RowState.swift; sourceTree = "<group>"; };
		34F2E52425C364AB00EB0B96 /* RowState+substates.swift */ = {isa = PBXFileReference; lastKnownFileType = sourcecode.swift; path = "RowState+substates.swift"; sourceTree = "<group>"; };
		34F2E52825C3777700EB0B96 /* SectionedListState.Store+substores.swift */ = {isa = PBXFileReference; lastKnownFileType = sourcecode.swift; path = "SectionedListState.Store+substores.swift"; sourceTree = "<group>"; };
		34F2E52E25C37A3600EB0B96 /* RowCell.swift */ = {isa = PBXFileReference; lastKnownFileType = sourcecode.swift; path = RowCell.swift; sourceTree = "<group>"; };
/* End PBXFileReference section */

/* Begin PBXFrameworksBuildPhase section */
		34CC95B125BF6CA80081E93B /* Frameworks */ = {
			isa = PBXFrameworksBuildPhase;
			buildActionMask = 2147483647;
			files = (
				341BD318268E4A9700B3C53D /* RDXKit.framework in Frameworks */,
				341BD2E8268E439F00B3C53D /* LensKit.framework in Frameworks */,
				341BD340268E4BFA00B3C53D /* ToolKit.framework in Frameworks */,
			);
			runOnlyForDeploymentPostprocessing = 0;
		};
/* End PBXFrameworksBuildPhase section */

/* Begin PBXGroup section */
		341BD2E6268E439F00B3C53D /* Frameworks */ = {
			isa = PBXGroup;
			children = (
				341BD33F268E4BFA00B3C53D /* ToolKit.framework */,
				341BD317268E4A9700B3C53D /* RDXKit.framework */,
				341BD2E7268E439F00B3C53D /* LensKit.framework */,
			);
			name = Frameworks;
			sourceTree = "<group>";
		};
		34CC95AA25BF6CA80081E93B = {
			isa = PBXGroup;
			children = (
				34CC95B625BF6CA80081E93B /* ContestKit */,
				34CC95B525BF6CA80081E93B /* Products */,
				341BD2E6268E439F00B3C53D /* Frameworks */,
			);
			sourceTree = "<group>";
		};
		34CC95B525BF6CA80081E93B /* Products */ = {
			isa = PBXGroup;
			children = (
				34CC95B425BF6CA80081E93B /* ContestKit.framework */,
			);
			name = Products;
			sourceTree = "<group>";
		};
		34CC95B625BF6CA80081E93B /* ContestKit */ = {
			isa = PBXGroup;
			children = (
				34CC95DB25BF6DF80081E93B /* draft.swift */,
				34CE81B725C5C714001A4EB0 /* AppComponents.swift */,
				34E056E825C711990083F001 /* Services */,
				34E056DE25C710E10083F001 /* States */,
				34E056AF25C7065E0083F001 /* UI */,
				34CC95B725BF6CA80081E93B /* ContestKit.h */,
				34CC95B825BF6CA80081E93B /* Info.plist */,
			);
			path = ContestKit;
			sourceTree = "<group>";
		};
		34E056AB25C7060F0083F001 /* App */ = {
			isa = PBXGroup;
			children = (
				343E8DCF25C0FD04000FF0AE /* AppState.swift */,
				34F2E4FE25C224F300EB0B96 /* AppState+substates.swift */,
				34F2E4FB25C224E300EB0B96 /* AppState.Store+substores.swift */,
				34F2E50125C2250C00EB0B96 /* AppState.Module.swift */,
			);
			path = App;
			sourceTree = "<group>";
		};
		34E056AD25C706340083F001 /* Row */ = {
			isa = PBXGroup;
			children = (
				34F2E52125C364A000EB0B96 /* RowState.swift */,
				34F2E52425C364AB00EB0B96 /* RowState+substates.swift */,
				34F2E51D25C317DD00EB0B96 /* RowModule.swift */,
				34F2E52E25C37A3600EB0B96 /* RowCell.swift */,
			);
			path = Row;
			sourceTree = "<group>";
		};
		34E056AF25C7065E0083F001 /* UI */ = {
			isa = PBXGroup;
			children = (
				34E056B825C707290083F001 /* ContestKit */,
				34E056B525C7070D0083F001 /* Common */,
			);
			path = UI;
			sourceTree = "<group>";
		};
		34E056B125C7067C0083F001 /* MessageAnimationEditor */ = {
			isa = PBXGroup;
			children = (
				34F2E50725C2269E00EB0B96 /* MessageAnimationEditorState.swift */,
				34F2E51A25C2701D00EB0B96 /* MessageAnimationEditorState+substates.swift */,
				34F2E50A25C227B200EB0B96 /* MessageAnimationEditorState.Store+substores.swift */,
				343E8DD225C1B75F000FF0AE /* MessageAnimationEditorState.Module.swift */,
			);
			path = MessageAnimationEditor;
			sourceTree = "<group>";
		};
		34E056B325C706A40083F001 /* SectionedListState */ = {
			isa = PBXGroup;
			children = (
				348953B525C210EE00192DC8 /* SectionedListState.swift */,
				34F2E50D25C2348F00EB0B96 /* SectionedListState+substates.swift */,
				34F2E52825C3777700EB0B96 /* SectionedListState.Store+substores.swift */,
				348953B225C20E8500192DC8 /* SectionedListState.Module.swift */,
			);
			path = SectionedListState;
			sourceTree = "<group>";
		};
		34E056B525C7070D0083F001 /* Common */ = {
			isa = PBXGroup;
			children = (
				34817DED25C4D0F2005733DD /* ViewController.swift */,
				34CE81BB25C5EA77001A4EB0 /* UIAlertController+component.swift */,
				343E8DC525C0F218000FF0AE /* ButtonCell.swift */,
				343E8DC225C0F20E000FF0AE /* PickerCell.swift */,
				3449FC3725C470D500EA3477 /* DottedLineView.swift */,
				34E056A725C6D62C0083F001 /* CKSlider.swift */,
				34CE81AD25C57D46001A4EB0 /* SliderThumbView.swift */,
			);
			path = Common;
			sourceTree = "<group>";
		};
		34E056B825C707290083F001 /* ContestKit */ = {
			isa = PBXGroup;
			children = (
				348953AF25C1EF1500192DC8 /* SectionedListView.swift */,
				343E8DBC25C0ED65000FF0AE /* MessageAnimationEditorView.swift */,
				343E8DC925C0F236000FF0AE /* AnimationTimingCell.swift */,
				3449FC3A25C4918800EA3477 /* AnimationTimingPathView.swift */,
				3449FC3425C4531A00EA3477 /* AnimationTimingDottedView.swift */,
			);
			path = ContestKit;
			sourceTree = "<group>";
		};
		34E056BB25C707960083F001 /* AnimationTiming */ = {
			isa = PBXGroup;
			children = (
				343E8D9325C0E487000FF0AE /* AnimationTimingState.swift */,
				34E056BD25C707BA0083F001 /* AnimationTimingState+substates.swift */,
				34E056C025C707CB0083F001 /* AnimationTimingState+helpers.swift */,
			);
			path = AnimationTiming;
			sourceTree = "<group>";
		};
		34E056C625C70EFF0083F001 /* MessageAnimationTiming */ = {
			isa = PBXGroup;
			children = (
				34CE81B025C5B76F001A4EB0 /* MessageAnimationTimingState.swift */,
				34E056D025C70FD30083F001 /* MessageAnimationTimingState+substates.swift */,
				34E056D325C70FE80083F001 /* MessageAnimationTimingState+helpers.swift */,
			);
			path = MessageAnimationTiming;
			sourceTree = "<group>";
		};
		34E056C825C70F070083F001 /* MessageAnimationConfig */ = {
			isa = PBXGroup;
			children = (
				34F2E51125C23D2B00EB0B96 /* MessageAnimationConfigState.swift */,
				34E056CA25C70F280083F001 /* MessageAnimationConfigState+substates.swift */,
				34E056CD25C70F470083F001 /* MessageAnimationConfigState+helpers.swift */,
			);
			path = MessageAnimationConfig;
			sourceTree = "<group>";
		};
		34E056D625C710580083F001 /* AppConfig */ = {
			isa = PBXGroup;
			children = (
				34817DEA25C4C33E005733DD /* AppConfigState.swift */,
				34E056D825C710750083F001 /* AppConfigState+substates.swift */,
				34E056DB25C7109A0083F001 /* AppConfigState+helpers.swift */,
			);
			path = AppConfig;
			sourceTree = "<group>";
		};
		34E056DE25C710E10083F001 /* States */ = {
			isa = PBXGroup;
			children = (
				34E056F025C712780083F001 /* ContestKit */,
				34E056F125C712850083F001 /* Common */,
			);
			path = States;
			sourceTree = "<group>";
		};
		34E056E325C7112D0083F001 /* Selection */ = {
			isa = PBXGroup;
			children = (
				34CE81B325C5C2FC001A4EB0 /* SelectionState.swift */,
				34E056E525C7114A0083F001 /* SelectionState+substates.swift */,
				34E056E025C711270083F001 /* SelectionState+helpers.swift */,
			);
			path = Selection;
			sourceTree = "<group>";
		};
		34E056E825C711990083F001 /* Services */ = {
			isa = PBXGroup;
			children = (
				34E056EA25C711EC0083F001 /* ContestKit */,
				34E056EC25C711F30083F001 /* Common */,
			);
			path = Services;
			sourceTree = "<group>";
		};
		34E056EA25C711EC0083F001 /* ContestKit */ = {
			isa = PBXGroup;
			children = (
				34817DF025C4DD43005733DD /* AppUICoordinator.swift */,
			);
			path = ContestKit;
			sourceTree = "<group>";
		};
		34E056EC25C711F30083F001 /* Common */ = {
			isa = PBXGroup;
			children = (
				34E0565C25C635880083F001 /* PasteboardService.swift */,
			);
			path = Common;
			sourceTree = "<group>";
		};
		34E056F025C712780083F001 /* ContestKit */ = {
			isa = PBXGroup;
			children = (
				34E056AB25C7060F0083F001 /* App */,
				34E056D625C710580083F001 /* AppConfig */,
				34E056B125C7067C0083F001 /* MessageAnimationEditor */,
				34E056B325C706A40083F001 /* SectionedListState */,
				34E056AD25C706340083F001 /* Row */,
				34E056C825C70F070083F001 /* MessageAnimationConfig */,
				34E056C625C70EFF0083F001 /* MessageAnimationTiming */,
			);
			path = ContestKit;
			sourceTree = "<group>";
		};
		34E056F125C712850083F001 /* Common */ = {
			isa = PBXGroup;
			children = (
				34E056BB25C707960083F001 /* AnimationTiming */,
				34E056E325C7112D0083F001 /* Selection */,
			);
			path = Common;
			sourceTree = "<group>";
		};
/* End PBXGroup section */

/* Begin PBXHeadersBuildPhase section */
		34CC95AF25BF6CA80081E93B /* Headers */ = {
			isa = PBXHeadersBuildPhase;
			buildActionMask = 2147483647;
			files = (
				34CC95B925BF6CA80081E93B /* ContestKit.h in Headers */,
			);
			runOnlyForDeploymentPostprocessing = 0;
		};
/* End PBXHeadersBuildPhase section */

/* Begin PBXNativeTarget section */
		34CC95B325BF6CA80081E93B /* ContestKit */ = {
			isa = PBXNativeTarget;
			buildConfigurationList = 34CC95BC25BF6CA80081E93B /* Build configuration list for PBXNativeTarget "ContestKit" */;
			buildPhases = (
				34CC95AF25BF6CA80081E93B /* Headers */,
				34CC95B025BF6CA80081E93B /* Sources */,
				34CC95B125BF6CA80081E93B /* Frameworks */,
				34CC95B225BF6CA80081E93B /* Resources */,
				341BD2EA268E439F00B3C53D /* Embed Frameworks */,
			);
			buildRules = (
			);
			dependencies = (
			);
			name = ContestKit;
			productName = ContestKit;
			productReference = 34CC95B425BF6CA80081E93B /* ContestKit.framework */;
			productType = "com.apple.product-type.framework";
		};
/* End PBXNativeTarget section */

/* Begin PBXProject section */
		34CC95AB25BF6CA80081E93B /* Project object */ = {
			isa = PBXProject;
			attributes = {
				LastUpgradeCheck = 1230;
				TargetAttributes = {
					34CC95B325BF6CA80081E93B = {
						CreatedOnToolsVersion = 12.3;
						LastSwiftMigration = 1230;
					};
				};
			};
			buildConfigurationList = 34CC95AE25BF6CA80081E93B /* Build configuration list for PBXProject "ContestKit" */;
			compatibilityVersion = "Xcode 9.3";
			developmentRegion = en;
			hasScannedForEncodings = 0;
			knownRegions = (
				en,
				Base,
			);
			mainGroup = 34CC95AA25BF6CA80081E93B;
			productRefGroup = 34CC95B525BF6CA80081E93B /* Products */;
			projectDirPath = "";
			projectRoot = "";
			targets = (
				34CC95B325BF6CA80081E93B /* ContestKit */,
			);
		};
/* End PBXProject section */

/* Begin PBXResourcesBuildPhase section */
		34CC95B225BF6CA80081E93B /* Resources */ = {
			isa = PBXResourcesBuildPhase;
			buildActionMask = 2147483647;
			files = (
			);
			runOnlyForDeploymentPostprocessing = 0;
		};
/* End PBXResourcesBuildPhase section */

/* Begin PBXSourcesBuildPhase section */
		34CC95B025BF6CA80081E93B /* Sources */ = {
			isa = PBXSourcesBuildPhase;
			buildActionMask = 2147483647;
			files = (
				3449FC3825C470D500EA3477 /* DottedLineView.swift in Sources */,
				34F2E51E25C317DD00EB0B96 /* RowModule.swift in Sources */,
				34F2E52525C364AB00EB0B96 /* RowState+substates.swift in Sources */,
				34E056CE25C70F470083F001 /* MessageAnimationConfigState+helpers.swift in Sources */,
				34E056E125C711270083F001 /* SelectionState+helpers.swift in Sources */,
				34F2E52225C364A000EB0B96 /* RowState.swift in Sources */,
				348953B325C20E8500192DC8 /* SectionedListState.Module.swift in Sources */,
				34F2E51225C23D2B00EB0B96 /* MessageAnimationConfigState.swift in Sources */,
				34E056D125C70FD30083F001 /* MessageAnimationTimingState+substates.swift in Sources */,
				34E056D925C710750083F001 /* AppConfigState+substates.swift in Sources */,
				34F2E50B25C227B200EB0B96 /* MessageAnimationEditorState.Store+substores.swift in Sources */,
				343E8DC625C0F218000FF0AE /* ButtonCell.swift in Sources */,
				343E8DD325C1B75F000FF0AE /* MessageAnimationEditorState.Module.swift in Sources */,
				34F2E52925C3777700EB0B96 /* SectionedListState.Store+substores.swift in Sources */,
				34817DF125C4DD43005733DD /* AppUICoordinator.swift in Sources */,
				34817DEE25C4D0F2005733DD /* ViewController.swift in Sources */,
				34E056CB25C70F280083F001 /* MessageAnimationConfigState+substates.swift in Sources */,
				3449FC3525C4531A00EA3477 /* AnimationTimingDottedView.swift in Sources */,
				34E056E625C7114A0083F001 /* SelectionState+substates.swift in Sources */,
				34E0565D25C635880083F001 /* PasteboardService.swift in Sources */,
				348953B625C210EE00192DC8 /* SectionedListState.swift in Sources */,
				343E8DBD25C0ED65000FF0AE /* MessageAnimationEditorView.swift in Sources */,
				34E056BE25C707BA0083F001 /* AnimationTimingState+substates.swift in Sources */,
				3449FC3B25C4918800EA3477 /* AnimationTimingPathView.swift in Sources */,
				34F2E4FC25C224E300EB0B96 /* AppState.Store+substores.swift in Sources */,
				34E056A825C6D62C0083F001 /* CKSlider.swift in Sources */,
				343E8DCA25C0F236000FF0AE /* AnimationTimingCell.swift in Sources */,
				34CE81B425C5C2FC001A4EB0 /* SelectionState.swift in Sources */,
				343E8DC325C0F20E000FF0AE /* PickerCell.swift in Sources */,
				34CC95ED25BF6DF80081E93B /* draft.swift in Sources */,
				34CE81B125C5B76F001A4EB0 /* MessageAnimationTimingState.swift in Sources */,
				34CE81BC25C5EA77001A4EB0 /* UIAlertController+component.swift in Sources */,
				34E056DC25C7109A0083F001 /* AppConfigState+helpers.swift in Sources */,
				34E056D425C70FE80083F001 /* MessageAnimationTimingState+helpers.swift in Sources */,
				343E8D9425C0E487000FF0AE /* AnimationTimingState.swift in Sources */,
				348953B025C1EF1500192DC8 /* SectionedListView.swift in Sources */,
				34CE81B825C5C714001A4EB0 /* AppComponents.swift in Sources */,
				34817DEB25C4C33E005733DD /* AppConfigState.swift in Sources */,
				34F2E51B25C2701D00EB0B96 /* MessageAnimationEditorState+substates.swift in Sources */,
				34F2E50E25C2348F00EB0B96 /* SectionedListState+substates.swift in Sources */,
				34F2E50825C2269E00EB0B96 /* MessageAnimationEditorState.swift in Sources */,
				343E8DD025C0FD04000FF0AE /* AppState.swift in Sources */,
				34CE81AE25C57D46001A4EB0 /* SliderThumbView.swift in Sources */,
				34F2E50225C2250C00EB0B96 /* AppState.Module.swift in Sources */,
				34F2E4FF25C224F400EB0B96 /* AppState+substates.swift in Sources */,
				34E056C125C707CB0083F001 /* AnimationTimingState+helpers.swift in Sources */,
				34F2E52F25C37A3600EB0B96 /* RowCell.swift in Sources */,
			);
			runOnlyForDeploymentPostprocessing = 0;
		};
/* End PBXSourcesBuildPhase section */

/* Begin XCBuildConfiguration section */
		34CC95BA25BF6CA80081E93B /* Debug */ = {
			isa = XCBuildConfiguration;
			buildSettings = {
				ALWAYS_SEARCH_USER_PATHS = NO;
				CLANG_ANALYZER_NONNULL = YES;
				CLANG_ANALYZER_NUMBER_OBJECT_CONVERSION = YES_AGGRESSIVE;
				CLANG_CXX_LANGUAGE_STANDARD = "gnu++14";
				CLANG_CXX_LIBRARY = "libc++";
				CLANG_ENABLE_MODULES = YES;
				CLANG_ENABLE_OBJC_ARC = YES;
				CLANG_ENABLE_OBJC_WEAK = YES;
				CLANG_WARN_BLOCK_CAPTURE_AUTORELEASING = YES;
				CLANG_WARN_BOOL_CONVERSION = YES;
				CLANG_WARN_COMMA = YES;
				CLANG_WARN_CONSTANT_CONVERSION = YES;
				CLANG_WARN_DEPRECATED_OBJC_IMPLEMENTATIONS = YES;
				CLANG_WARN_DIRECT_OBJC_ISA_USAGE = YES_ERROR;
				CLANG_WARN_DOCUMENTATION_COMMENTS = YES;
				CLANG_WARN_EMPTY_BODY = YES;
				CLANG_WARN_ENUM_CONVERSION = YES;
				CLANG_WARN_INFINITE_RECURSION = YES;
				CLANG_WARN_INT_CONVERSION = YES;
				CLANG_WARN_NON_LITERAL_NULL_CONVERSION = YES;
				CLANG_WARN_OBJC_IMPLICIT_RETAIN_SELF = YES;
				CLANG_WARN_OBJC_LITERAL_CONVERSION = YES;
				CLANG_WARN_OBJC_ROOT_CLASS = YES_ERROR;
				CLANG_WARN_QUOTED_INCLUDE_IN_FRAMEWORK_HEADER = YES;
				CLANG_WARN_RANGE_LOOP_ANALYSIS = YES;
				CLANG_WARN_STRICT_PROTOTYPES = YES;
				CLANG_WARN_SUSPICIOUS_MOVE = YES;
				CLANG_WARN_UNGUARDED_AVAILABILITY = YES_AGGRESSIVE;
				CLANG_WARN_UNREACHABLE_CODE = YES;
				CLANG_WARN__DUPLICATE_METHOD_MATCH = YES;
				COPY_PHASE_STRIP = NO;
				CURRENT_PROJECT_VERSION = 1;
				DEBUG_INFORMATION_FORMAT = dwarf;
				ENABLE_STRICT_OBJC_MSGSEND = YES;
				ENABLE_TESTABILITY = YES;
				GCC_C_LANGUAGE_STANDARD = gnu11;
				GCC_DYNAMIC_NO_PIC = NO;
				GCC_NO_COMMON_BLOCKS = YES;
				GCC_OPTIMIZATION_LEVEL = 0;
				GCC_PREPROCESSOR_DEFINITIONS = (
					"DEBUG=1",
					"$(inherited)",
				);
				GCC_WARN_64_TO_32_BIT_CONVERSION = YES;
				GCC_WARN_ABOUT_RETURN_TYPE = YES_ERROR;
				GCC_WARN_UNDECLARED_SELECTOR = YES;
				GCC_WARN_UNINITIALIZED_AUTOS = YES_AGGRESSIVE;
				GCC_WARN_UNUSED_FUNCTION = YES;
				GCC_WARN_UNUSED_VARIABLE = YES;
				IPHONEOS_DEPLOYMENT_TARGET = 9.0;
				MTL_ENABLE_DEBUG_INFO = INCLUDE_SOURCE;
				MTL_FAST_MATH = YES;
				ONLY_ACTIVE_ARCH = YES;
				SDKROOT = iphoneos;
				SWIFT_ACTIVE_COMPILATION_CONDITIONS = DEBUG;
				SWIFT_OPTIMIZATION_LEVEL = "-Onone";
				VERSIONING_SYSTEM = "apple-generic";
				VERSION_INFO_PREFIX = "";
			};
			name = Debug;
		};
		34CC95BB25BF6CA80081E93B /* Release */ = {
			isa = XCBuildConfiguration;
			buildSettings = {
				ALWAYS_SEARCH_USER_PATHS = NO;
				CLANG_ANALYZER_NONNULL = YES;
				CLANG_ANALYZER_NUMBER_OBJECT_CONVERSION = YES_AGGRESSIVE;
				CLANG_CXX_LANGUAGE_STANDARD = "gnu++14";
				CLANG_CXX_LIBRARY = "libc++";
				CLANG_ENABLE_MODULES = YES;
				CLANG_ENABLE_OBJC_ARC = YES;
				CLANG_ENABLE_OBJC_WEAK = YES;
				CLANG_WARN_BLOCK_CAPTURE_AUTORELEASING = YES;
				CLANG_WARN_BOOL_CONVERSION = YES;
				CLANG_WARN_COMMA = YES;
				CLANG_WARN_CONSTANT_CONVERSION = YES;
				CLANG_WARN_DEPRECATED_OBJC_IMPLEMENTATIONS = YES;
				CLANG_WARN_DIRECT_OBJC_ISA_USAGE = YES_ERROR;
				CLANG_WARN_DOCUMENTATION_COMMENTS = YES;
				CLANG_WARN_EMPTY_BODY = YES;
				CLANG_WARN_ENUM_CONVERSION = YES;
				CLANG_WARN_INFINITE_RECURSION = YES;
				CLANG_WARN_INT_CONVERSION = YES;
				CLANG_WARN_NON_LITERAL_NULL_CONVERSION = YES;
				CLANG_WARN_OBJC_IMPLICIT_RETAIN_SELF = YES;
				CLANG_WARN_OBJC_LITERAL_CONVERSION = YES;
				CLANG_WARN_OBJC_ROOT_CLASS = YES_ERROR;
				CLANG_WARN_QUOTED_INCLUDE_IN_FRAMEWORK_HEADER = YES;
				CLANG_WARN_RANGE_LOOP_ANALYSIS = YES;
				CLANG_WARN_STRICT_PROTOTYPES = YES;
				CLANG_WARN_SUSPICIOUS_MOVE = YES;
				CLANG_WARN_UNGUARDED_AVAILABILITY = YES_AGGRESSIVE;
				CLANG_WARN_UNREACHABLE_CODE = YES;
				CLANG_WARN__DUPLICATE_METHOD_MATCH = YES;
				COPY_PHASE_STRIP = NO;
				CURRENT_PROJECT_VERSION = 1;
				DEBUG_INFORMATION_FORMAT = "dwarf-with-dsym";
				ENABLE_NS_ASSERTIONS = NO;
				ENABLE_STRICT_OBJC_MSGSEND = YES;
				GCC_C_LANGUAGE_STANDARD = gnu11;
				GCC_NO_COMMON_BLOCKS = YES;
				GCC_WARN_64_TO_32_BIT_CONVERSION = YES;
				GCC_WARN_ABOUT_RETURN_TYPE = YES_ERROR;
				GCC_WARN_UNDECLARED_SELECTOR = YES;
				GCC_WARN_UNINITIALIZED_AUTOS = YES_AGGRESSIVE;
				GCC_WARN_UNUSED_FUNCTION = YES;
				GCC_WARN_UNUSED_VARIABLE = YES;
				IPHONEOS_DEPLOYMENT_TARGET = 9.0;
				MTL_ENABLE_DEBUG_INFO = NO;
				MTL_FAST_MATH = YES;
				SDKROOT = iphoneos;
				SWIFT_COMPILATION_MODE = wholemodule;
				SWIFT_OPTIMIZATION_LEVEL = "-O";
				VALIDATE_PRODUCT = YES;
				VERSIONING_SYSTEM = "apple-generic";
				VERSION_INFO_PREFIX = "";
			};
			name = Release;
		};
		34CC95BD25BF6CA80081E93B /* Debug */ = {
			isa = XCBuildConfiguration;
			buildSettings = {
				CLANG_ENABLE_MODULES = YES;
				CODE_SIGN_IDENTITY = "Apple Development";
				CODE_SIGN_STYLE = Manual;
				DEFINES_MODULE = YES;
				DEVELOPMENT_TEAM = 7L24699FZV;
				DYLIB_COMPATIBILITY_VERSION = 1;
				DYLIB_CURRENT_VERSION = 1;
				DYLIB_INSTALL_NAME_BASE = "@rpath";
				INFOPLIST_FILE = ContestKit/Info.plist;
				INSTALL_PATH = "$(LOCAL_LIBRARY_DIR)/Frameworks";
				IPHONEOS_DEPLOYMENT_TARGET = 9.0;
				LD_RUNPATH_SEARCH_PATHS = (
					"$(inherited)",
					"@executable_path/Frameworks",
					"@loader_path/Frameworks",
				);
				PRODUCT_BUNDLE_IDENTIFIER = djpurtov.ContestKit;
				PRODUCT_NAME = "$(TARGET_NAME:c99extidentifier)";
				PROVISIONING_PROFILE_SPECIFIER = "";
				"PROVISIONING_PROFILE_SPECIFIER[sdk=macosx*]" = "";
				SKIP_INSTALL = YES;
				SWIFT_OPTIMIZATION_LEVEL = "-Onone";
				SWIFT_VERSION = 5.0;
				TARGETED_DEVICE_FAMILY = "1,2";
			};
			name = Debug;
		};
		34CC95BE25BF6CA80081E93B /* Release */ = {
			isa = XCBuildConfiguration;
			buildSettings = {
				CLANG_ENABLE_MODULES = YES;
				CODE_SIGN_IDENTITY = "Apple Development";
				CODE_SIGN_STYLE = Manual;
				DEFINES_MODULE = YES;
				DEVELOPMENT_TEAM = 7L24699FZV;
				DYLIB_COMPATIBILITY_VERSION = 1;
				DYLIB_CURRENT_VERSION = 1;
				DYLIB_INSTALL_NAME_BASE = "@rpath";
				INFOPLIST_FILE = ContestKit/Info.plist;
				INSTALL_PATH = "$(LOCAL_LIBRARY_DIR)/Frameworks";
				IPHONEOS_DEPLOYMENT_TARGET = 9.0;
				LD_RUNPATH_SEARCH_PATHS = (
					"$(inherited)",
					"@executable_path/Frameworks",
					"@loader_path/Frameworks",
				);
				PRODUCT_BUNDLE_IDENTIFIER = djpurtov.ContestKit;
				PRODUCT_NAME = "$(TARGET_NAME:c99extidentifier)";
				PROVISIONING_PROFILE_SPECIFIER = "";
				"PROVISIONING_PROFILE_SPECIFIER[sdk=macosx*]" = "";
				SKIP_INSTALL = YES;
				SWIFT_VERSION = 5.0;
				TARGETED_DEVICE_FAMILY = "1,2";
			};
			name = Release;
		};
/* End XCBuildConfiguration section */

/* Begin XCConfigurationList section */
		34CC95AE25BF6CA80081E93B /* Build configuration list for PBXProject "ContestKit" */ = {
			isa = XCConfigurationList;
			buildConfigurations = (
				34CC95BA25BF6CA80081E93B /* Debug */,
				34CC95BB25BF6CA80081E93B /* Release */,
			);
			defaultConfigurationIsVisible = 0;
			defaultConfigurationName = Release;
		};
		34CC95BC25BF6CA80081E93B /* Build configuration list for PBXNativeTarget "ContestKit" */ = {
			isa = XCConfigurationList;
			buildConfigurations = (
				34CC95BD25BF6CA80081E93B /* Debug */,
				34CC95BE25BF6CA80081E93B /* Release */,
			);
			defaultConfigurationIsVisible = 0;
			defaultConfigurationName = Release;
		};
/* End XCConfigurationList section */
	};
	rootObject = 34CC95AB25BF6CA80081E93B /* Project object */;
}
