// !$*UTF8*$!
{
	archiveVersion = 1;
	classes = {
	};
	objectVersion = 50;
	objects = {

/* Begin PBXBuildFile section */
		343E8DCE25C0F969000FF0AE /* Editor.swift in Sources */ = {isa = PBXBuildFile; fileRef = 343E8DCD25C0F969000FF0AE /* Editor.swift */; };
		34CC95C225BF6D5C0081E93B /* ContestKit.framework in Frameworks */ = {isa = PBXBuildFile; fileRef = 34CC95C125BF6D5C0081E93B /* ContestKit.framework */; };
		34CC95C325BF6D5C0081E93B /* ContestKit.framework in Embed Frameworks */ = {isa = PBXBuildFile; fileRef = 34CC95C125BF6D5C0081E93B /* ContestKit.framework */; settings = {ATTRIBUTES = (CodeSignOnCopy, RemoveHeadersOnCopy, ); }; };
		34F1FD7925BE6F9000A5F2D1 /* ContestKit_iOSApp.swift in Sources */ = {isa = PBXBuildFile; fileRef = 34F1FD7825BE6F9000A5F2D1 /* ContestKit_iOSApp.swift */; };
		34F1FD7B25BE6F9000A5F2D1 /* ContentView.swift in Sources */ = {isa = PBXBuildFile; fileRef = 34F1FD7A25BE6F9000A5F2D1 /* ContentView.swift */; };
		34F1FD7D25BE6F9300A5F2D1 /* Assets.xcassets in Resources */ = {isa = PBXBuildFile; fileRef = 34F1FD7C25BE6F9300A5F2D1 /* Assets.xcassets */; };
		34F1FD8025BE6F9300A5F2D1 /* Preview Assets.xcassets in Resources */ = {isa = PBXBuildFile; fileRef = 34F1FD7F25BE6F9300A5F2D1 /* Preview Assets.xcassets */; };
		34F1FDA125BE711F00A5F2D1 /* draft.swift in Sources */ = {isa = PBXBuildFile; fileRef = 34F1FDA025BE711F00A5F2D1 /* draft.swift */; };
/* End PBXBuildFile section */

/* Begin PBXCopyFilesBuildPhase section */
		34F1FD9725BE710000A5F2D1 /* Embed Frameworks */ = {
			isa = PBXCopyFilesBuildPhase;
			buildActionMask = 2147483647;
			dstPath = "";
			dstSubfolderSpec = 10;
			files = (
				34CC95C325BF6D5C0081E93B /* ContestKit.framework in Embed Frameworks */,
			);
			name = "Embed Frameworks";
			runOnlyForDeploymentPostprocessing = 0;
		};
/* End PBXCopyFilesBuildPhase section */

/* Begin PBXFileReference section */
		343E8DCD25C0F969000FF0AE /* Editor.swift */ = {isa = PBXFileReference; lastKnownFileType = sourcecode.swift; path = Editor.swift; sourceTree = "<group>"; };
		34CC95C125BF6D5C0081E93B /* ContestKit.framework */ = {isa = PBXFileReference; explicitFileType = wrapper.framework; path = ContestKit.framework; sourceTree = BUILT_PRODUCTS_DIR; };
		34F1FD7525BE6F9000A5F2D1 /* ContestKit-iOS.app */ = {isa = PBXFileReference; explicitFileType = wrapper.application; includeInIndex = 0; path = "ContestKit-iOS.app"; sourceTree = BUILT_PRODUCTS_DIR; };
		34F1FD7825BE6F9000A5F2D1 /* ContestKit_iOSApp.swift */ = {isa = PBXFileReference; lastKnownFileType = sourcecode.swift; path = ContestKit_iOSApp.swift; sourceTree = "<group>"; };
		34F1FD7A25BE6F9000A5F2D1 /* ContentView.swift */ = {isa = PBXFileReference; lastKnownFileType = sourcecode.swift; path = ContentView.swift; sourceTree = "<group>"; };
		34F1FD7C25BE6F9300A5F2D1 /* Assets.xcassets */ = {isa = PBXFileReference; lastKnownFileType = folder.assetcatalog; path = Assets.xcassets; sourceTree = "<group>"; };
		34F1FD7F25BE6F9300A5F2D1 /* Preview Assets.xcassets */ = {isa = PBXFileReference; lastKnownFileType = folder.assetcatalog; path = "Preview Assets.xcassets"; sourceTree = "<group>"; };
		34F1FD8125BE6F9300A5F2D1 /* Info.plist */ = {isa = PBXFileReference; lastKnownFileType = text.plist.xml; path = Info.plist; sourceTree = "<group>"; };
		34F1FDA025BE711F00A5F2D1 /* draft.swift */ = {isa = PBXFileReference; lastKnownFileType = sourcecode.swift; path = draft.swift; sourceTree = "<group>"; };
/* End PBXFileReference section */

/* Begin PBXFrameworksBuildPhase section */
		34F1FD7225BE6F9000A5F2D1 /* Frameworks */ = {
			isa = PBXFrameworksBuildPhase;
			buildActionMask = 2147483647;
			files = (
				34CC95C225BF6D5C0081E93B /* ContestKit.framework in Frameworks */,
			);
			runOnlyForDeploymentPostprocessing = 0;
		};
/* End PBXFrameworksBuildPhase section */

/* Begin PBXGroup section */
		34CC95C025BF6D5C0081E93B /* Frameworks */ = {
			isa = PBXGroup;
			children = (
				34CC95C125BF6D5C0081E93B /* ContestKit.framework */,
			);
			name = Frameworks;
			sourceTree = "<group>";
		};
		34F1FD6C25BE6F9000A5F2D1 = {
			isa = PBXGroup;
			children = (
				34F1FD7725BE6F9000A5F2D1 /* ContestKit-iOS */,
				34F1FD7625BE6F9000A5F2D1 /* Products */,
				34CC95C025BF6D5C0081E93B /* Frameworks */,
			);
			sourceTree = "<group>";
		};
		34F1FD7625BE6F9000A5F2D1 /* Products */ = {
			isa = PBXGroup;
			children = (
				34F1FD7525BE6F9000A5F2D1 /* ContestKit-iOS.app */,
			);
			name = Products;
			sourceTree = "<group>";
		};
		34F1FD7725BE6F9000A5F2D1 /* ContestKit-iOS */ = {
			isa = PBXGroup;
			children = (
				34F1FDA025BE711F00A5F2D1 /* draft.swift */,
				34F1FD7825BE6F9000A5F2D1 /* ContestKit_iOSApp.swift */,
				34F1FD7A25BE6F9000A5F2D1 /* ContentView.swift */,
				343E8DCD25C0F969000FF0AE /* Editor.swift */,
				34F1FD7C25BE6F9300A5F2D1 /* Assets.xcassets */,
				34F1FD8125BE6F9300A5F2D1 /* Info.plist */,
				34F1FD7E25BE6F9300A5F2D1 /* Preview Content */,
			);
			path = "ContestKit-iOS";
			sourceTree = "<group>";
		};
		34F1FD7E25BE6F9300A5F2D1 /* Preview Content */ = {
			isa = PBXGroup;
			children = (
				34F1FD7F25BE6F9300A5F2D1 /* Preview Assets.xcassets */,
			);
			path = "Preview Content";
			sourceTree = "<group>";
		};
/* End PBXGroup section */

/* Begin PBXNativeTarget section */
		34F1FD7425BE6F9000A5F2D1 /* ContestKit-iOS */ = {
			isa = PBXNativeTarget;
			buildConfigurationList = 34F1FD8425BE6F9300A5F2D1 /* Build configuration list for PBXNativeTarget "ContestKit-iOS" */;
			buildPhases = (
				34F1FD7125BE6F9000A5F2D1 /* Sources */,
				34F1FD7225BE6F9000A5F2D1 /* Frameworks */,
				34F1FD7325BE6F9000A5F2D1 /* Resources */,
				34F1FD9725BE710000A5F2D1 /* Embed Frameworks */,
			);
			buildRules = (
			);
			dependencies = (
			);
			name = "ContestKit-iOS";
			productName = "ContestKit-iOS";
			productReference = 34F1FD7525BE6F9000A5F2D1 /* ContestKit-iOS.app */;
			productType = "com.apple.product-type.application";
		};
/* End PBXNativeTarget section */

/* Begin PBXProject section */
		34F1FD6D25BE6F9000A5F2D1 /* Project object */ = {
			isa = PBXProject;
			attributes = {
				LastSwiftUpdateCheck = 1220;
				LastUpgradeCheck = 1220;
				TargetAttributes = {
					34F1FD7425BE6F9000A5F2D1 = {
						CreatedOnToolsVersion = 12.2;
					};
				};
			};
			buildConfigurationList = 34F1FD7025BE6F9000A5F2D1 /* Build configuration list for PBXProject "ContestKit-iOS" */;
			compatibilityVersion = "Xcode 9.3";
			developmentRegion = en;
			hasScannedForEncodings = 0;
			knownRegions = (
				en,
				Base,
			);
			mainGroup = 34F1FD6C25BE6F9000A5F2D1;
			productRefGroup = 34F1FD7625BE6F9000A5F2D1 /* Products */;
			projectDirPath = "";
			projectRoot = "";
			targets = (
				34F1FD7425BE6F9000A5F2D1 /* ContestKit-iOS */,
			);
		};
/* End PBXProject section */

/* Begin PBXResourcesBuildPhase section */
		34F1FD7325BE6F9000A5F2D1 /* Resources */ = {
			isa = PBXResourcesBuildPhase;
			buildActionMask = 2147483647;
			files = (
				34F1FD8025BE6F9300A5F2D1 /* Preview Assets.xcassets in Resources */,
				34F1FD7D25BE6F9300A5F2D1 /* Assets.xcassets in Resources */,
			);
			runOnlyForDeploymentPostprocessing = 0;
		};
/* End PBXResourcesBuildPhase section */

/* Begin PBXSourcesBuildPhase section */
		34F1FD7125BE6F9000A5F2D1 /* Sources */ = {
			isa = PBXSourcesBuildPhase;
			buildActionMask = 2147483647;
			files = (
				34F1FDA125BE711F00A5F2D1 /* draft.swift in Sources */,
				343E8DCE25C0F969000FF0AE /* Editor.swift in Sources */,
				34F1FD7B25BE6F9000A5F2D1 /* ContentView.swift in Sources */,
				34F1FD7925BE6F9000A5F2D1 /* ContestKit_iOSApp.swift in Sources */,
			);
			runOnlyForDeploymentPostprocessing = 0;
		};
/* End PBXSourcesBuildPhase section */

/* Begin XCBuildConfiguration section */
		34F1FD8225BE6F9300A5F2D1 /* Debug */ = {
			isa = XCBuildConfiguration;
			buildSettings = {
				ALWAYS_SEARCH_USER_PATHS = NO;
				CLANG_ANALYZER_NONNULL = YES;
				CLANG_ANALYZER_NUMBER_OBJECT_CONVERSION = YES_AGGRESSIVE;
				CLANG_CXX_LANGUAGE_STANDARD = "gnu++14";
				CLANG_CXX_LIBRARY = "libc++";
				CLANG_ENABLE_MODULES = YES;
				CLANG_ENABLE_OBJC_ARC = YES;
				CLANG_ENABLE_OBJC_WEAK = YES;
				CLANG_WARN_BLOCK_CAPTURE_AUTORELEASING = YES;
				CLANG_WARN_BOOL_CONVERSION = YES;
				CLANG_WARN_COMMA = YES;
				CLANG_WARN_CONSTANT_CONVERSION = YES;
				CLANG_WARN_DEPRECATED_OBJC_IMPLEMENTATIONS = YES;
				CLANG_WARN_DIRECT_OBJC_ISA_USAGE = YES_ERROR;
				CLANG_WARN_DOCUMENTATION_COMMENTS = YES;
				CLANG_WARN_EMPTY_BODY = YES;
				CLANG_WARN_ENUM_CONVERSION = YES;
				CLANG_WARN_INFINITE_RECURSION = YES;
				CLANG_WARN_INT_CONVERSION = YES;
				CLANG_WARN_NON_LITERAL_NULL_CONVERSION = YES;
				CLANG_WARN_OBJC_IMPLICIT_RETAIN_SELF = YES;
				CLANG_WARN_OBJC_LITERAL_CONVERSION = YES;
				CLANG_WARN_OBJC_ROOT_CLASS = YES_ERROR;
				CLANG_WARN_QUOTED_INCLUDE_IN_FRAMEWORK_HEADER = YES;
				CLANG_WARN_RANGE_LOOP_ANALYSIS = YES;
				CLANG_WARN_STRICT_PROTOTYPES = YES;
				CLANG_WARN_SUSPICIOUS_MOVE = YES;
				CLANG_WARN_UNGUARDED_AVAILABILITY = YES_AGGRESSIVE;
				CLANG_WARN_UNREACHABLE_CODE = YES;
				CLANG_WARN__DUPLICATE_METHOD_MATCH = YES;
				COPY_PHASE_STRIP = NO;
				DEBUG_INFORMATION_FORMAT = dwarf;
				ENABLE_STRICT_OBJC_MSGSEND = YES;
				ENABLE_TESTABILITY = YES;
				GCC_C_LANGUAGE_STANDARD = gnu11;
				GCC_DYNAMIC_NO_PIC = NO;
				GCC_NO_COMMON_BLOCKS = YES;
				GCC_OPTIMIZATION_LEVEL = 0;
				GCC_PREPROCESSOR_DEFINITIONS = (
					"DEBUG=1",
					"$(inherited)",
				);
				GCC_WARN_64_TO_32_BIT_CONVERSION = YES;
				GCC_WARN_ABOUT_RETURN_TYPE = YES_ERROR;
				GCC_WARN_UNDECLARED_SELECTOR = YES;
				GCC_WARN_UNINITIALIZED_AUTOS = YES_AGGRESSIVE;
				GCC_WARN_UNUSED_FUNCTION = YES;
				GCC_WARN_UNUSED_VARIABLE = YES;
				IPHONEOS_DEPLOYMENT_TARGET = 14.0;
				MTL_ENABLE_DEBUG_INFO = INCLUDE_SOURCE;
				MTL_FAST_MATH = YES;
				ONLY_ACTIVE_ARCH = YES;
				SDKROOT = iphoneos;
				SWIFT_ACTIVE_COMPILATION_CONDITIONS = DEBUG;
				SWIFT_OPTIMIZATION_LEVEL = "-Onone";
			};
			name = Debug;
		};
		34F1FD8325BE6F9300A5F2D1 /* Release */ = {
			isa = XCBuildConfiguration;
			buildSettings = {
				ALWAYS_SEARCH_USER_PATHS = NO;
				CLANG_ANALYZER_NONNULL = YES;
				CLANG_ANALYZER_NUMBER_OBJECT_CONVERSION = YES_AGGRESSIVE;
				CLANG_CXX_LANGUAGE_STANDARD = "gnu++14";
				CLANG_CXX_LIBRARY = "libc++";
				CLANG_ENABLE_MODULES = YES;
				CLANG_ENABLE_OBJC_ARC = YES;
				CLANG_ENABLE_OBJC_WEAK = YES;
				CLANG_WARN_BLOCK_CAPTURE_AUTORELEASING = YES;
				CLANG_WARN_BOOL_CONVERSION = YES;
				CLANG_WARN_COMMA = YES;
				CLANG_WARN_CONSTANT_CONVERSION = YES;
				CLANG_WARN_DEPRECATED_OBJC_IMPLEMENTATIONS = YES;
				CLANG_WARN_DIRECT_OBJC_ISA_USAGE = YES_ERROR;
				CLANG_WARN_DOCUMENTATION_COMMENTS = YES;
				CLANG_WARN_EMPTY_BODY = YES;
				CLANG_WARN_ENUM_CONVERSION = YES;
				CLANG_WARN_INFINITE_RECURSION = YES;
				CLANG_WARN_INT_CONVERSION = YES;
				CLANG_WARN_NON_LITERAL_NULL_CONVERSION = YES;
				CLANG_WARN_OBJC_IMPLICIT_RETAIN_SELF = YES;
				CLANG_WARN_OBJC_LITERAL_CONVERSION = YES;
				CLANG_WARN_OBJC_ROOT_CLASS = YES_ERROR;
				CLANG_WARN_QUOTED_INCLUDE_IN_FRAMEWORK_HEADER = YES;
				CLANG_WARN_RANGE_LOOP_ANALYSIS = YES;
				CLANG_WARN_STRICT_PROTOTYPES = YES;
				CLANG_WARN_SUSPICIOUS_MOVE = YES;
				CLANG_WARN_UNGUARDED_AVAILABILITY = YES_AGGRESSIVE;
				CLANG_WARN_UNREACHABLE_CODE = YES;
				CLANG_WARN__DUPLICATE_METHOD_MATCH = YES;
				COPY_PHASE_STRIP = NO;
				DEBUG_INFORMATION_FORMAT = "dwarf-with-dsym";
				ENABLE_NS_ASSERTIONS = NO;
				ENABLE_STRICT_OBJC_MSGSEND = YES;
				GCC_C_LANGUAGE_STANDARD = gnu11;
				GCC_NO_COMMON_BLOCKS = YES;
				GCC_WARN_64_TO_32_BIT_CONVERSION = YES;
				GCC_WARN_ABOUT_RETURN_TYPE = YES_ERROR;
				GCC_WARN_UNDECLARED_SELECTOR = YES;
				GCC_WARN_UNINITIALIZED_AUTOS = YES_AGGRESSIVE;
				GCC_WARN_UNUSED_FUNCTION = YES;
				GCC_WARN_UNUSED_VARIABLE = YES;
				IPHONEOS_DEPLOYMENT_TARGET = 14.0;
				MTL_ENABLE_DEBUG_INFO = NO;
				MTL_FAST_MATH = YES;
				SDKROOT = iphoneos;
				SWIFT_COMPILATION_MODE = wholemodule;
				SWIFT_OPTIMIZATION_LEVEL = "-O";
				VALIDATE_PRODUCT = YES;
			};
			name = Release;
		};
		34F1FD8525BE6F9300A5F2D1 /* Debug */ = {
			isa = XCBuildConfiguration;
			buildSettings = {
				ALWAYS_EMBED_SWIFT_STANDARD_LIBRARIES = YES;
				ASSETCATALOG_COMPILER_APPICON_NAME = AppIcon;
				ASSETCATALOG_COMPILER_GLOBAL_ACCENT_COLOR_NAME = AccentColor;
				CODE_SIGN_IDENTITY = "iPhone Developer";
				CODE_SIGN_STYLE = Manual;
				DEVELOPMENT_ASSET_PATHS = "\"ContestKit-iOS/Preview Content\"";
				DEVELOPMENT_TEAM = 7L24699FZV;
				ENABLE_PREVIEWS = YES;
				INFOPLIST_FILE = "ContestKit-iOS/Info.plist";
				IPHONEOS_DEPLOYMENT_TARGET = 14.0;
				LD_RUNPATH_SEARCH_PATHS = (
					"$(inherited)",
					"@executable_path/Frameworks",
				);
				PRODUCT_BUNDLE_IDENTIFIER = "djpurtov.ContestKit-iOS";
				PRODUCT_NAME = "$(TARGET_NAME)";
				PROVISIONING_PROFILE_SPECIFIER = "dev-*";
				SWIFT_VERSION = 5.0;
				TARGETED_DEVICE_FAMILY = "1,2";
			};
			name = Debug;
		};
		34F1FD8625BE6F9300A5F2D1 /* Release */ = {
			isa = XCBuildConfiguration;
			buildSettings = {
				ALWAYS_EMBED_SWIFT_STANDARD_LIBRARIES = YES;
				ASSETCATALOG_COMPILER_APPICON_NAME = AppIcon;
				ASSETCATALOG_COMPILER_GLOBAL_ACCENT_COLOR_NAME = AccentColor;
				CODE_SIGN_IDENTITY = "iPhone Developer";
				CODE_SIGN_STYLE = Manual;
				DEVELOPMENT_ASSET_PATHS = "\"ContestKit-iOS/Preview Content\"";
				DEVELOPMENT_TEAM = 7L24699FZV;
				ENABLE_PREVIEWS = YES;
				INFOPLIST_FILE = "ContestKit-iOS/Info.plist";
				IPHONEOS_DEPLOYMENT_TARGET = 14.0;
				LD_RUNPATH_SEARCH_PATHS = (
					"$(inherited)",
					"@executable_path/Frameworks",
				);
				PRODUCT_BUNDLE_IDENTIFIER = "djpurtov.ContestKit-iOS";
				PRODUCT_NAME = "$(TARGET_NAME)";
				PROVISIONING_PROFILE_SPECIFIER = "dev-*";
				SWIFT_VERSION = 5.0;
				TARGETED_DEVICE_FAMILY = "1,2";
			};
			name = Release;
		};
/* End XCBuildConfiguration section */

/* Begin XCConfigurationList section */
		34F1FD7025BE6F9000A5F2D1 /* Build configuration list for PBXProject "ContestKit-iOS" */ = {
			isa = XCConfigurationList;
			buildConfigurations = (
				34F1FD8225BE6F9300A5F2D1 /* Debug */,
				34F1FD8325BE6F9300A5F2D1 /* Release */,
			);
			defaultConfigurationIsVisible = 0;
			defaultConfigurationName = Release;
		};
		34F1FD8425BE6F9300A5F2D1 /* Build configuration list for PBXNativeTarget "ContestKit-iOS" */ = {
			isa = XCConfigurationList;
			buildConfigurations = (
				34F1FD8525BE6F9300A5F2D1 /* Debug */,
				34F1FD8625BE6F9300A5F2D1 /* Release */,
			);
			defaultConfigurationIsVisible = 0;
			defaultConfigurationName = Release;
		};
/* End XCConfigurationList section */
	};
	rootObject = 34F1FD6D25BE6F9000A5F2D1 /* Project object */;
}
